// !$*UTF8*$!
{
	archiveVersion = 1;
	classes = {
	};
	objectVersion = 50;
	objects = {

/* Begin PBXBuildFile section */
		854BAB6422EE1AA700868BAB /* AppDelegate.swift in Sources */ = {isa = PBXBuildFile; fileRef = 854BAB6322EE1AA700868BAB /* AppDelegate.swift */; };
		854BAB6622EE1AA700868BAB /* art.scnassets in Resources */ = {isa = PBXBuildFile; fileRef = 854BAB6522EE1AA700868BAB /* art.scnassets */; };
		854BAB6822EE1AA700868BAB /* ViewController.swift in Sources */ = {isa = PBXBuildFile; fileRef = 854BAB6722EE1AA700868BAB /* ViewController.swift */; };
		854BAB6B22EE1AA700868BAB /* Main.storyboard in Resources */ = {isa = PBXBuildFile; fileRef = 854BAB6922EE1AA700868BAB /* Main.storyboard */; };
		854BAB6D22EE1AA800868BAB /* Assets.xcassets in Resources */ = {isa = PBXBuildFile; fileRef = 854BAB6C22EE1AA800868BAB /* Assets.xcassets */; };
		854BAB7022EE1AA800868BAB /* LaunchScreen.storyboard in Resources */ = {isa = PBXBuildFile; fileRef = 854BAB6E22EE1AA800868BAB /* LaunchScreen.storyboard */; };
/* End PBXBuildFile section */

/* Begin PBXFileReference section */
		854BAB6022EE1AA700868BAB /* DiceeWorld.app */ = {isa = PBXFileReference; explicitFileType = wrapper.application; includeInIndex = 0; path = DiceeWorld.app; sourceTree = BUILT_PRODUCTS_DIR; };
		854BAB6322EE1AA700868BAB /* AppDelegate.swift */ = {isa = PBXFileReference; lastKnownFileType = sourcecode.swift; path = AppDelegate.swift; sourceTree = "<group>"; };
		854BAB6522EE1AA700868BAB /* art.scnassets */ = {isa = PBXFileReference; lastKnownFileType = wrapper.scnassets; path = art.scnassets; sourceTree = "<group>"; };
		854BAB6722EE1AA700868BAB /* ViewController.swift */ = {isa = PBXFileReference; lastKnownFileType = sourcecode.swift; path = ViewController.swift; sourceTree = "<group>"; };
		854BAB6A22EE1AA700868BAB /* Base */ = {isa = PBXFileReference; lastKnownFileType = file.storyboard; name = Base; path = Base.lproj/Main.storyboard; sourceTree = "<group>"; };
		854BAB6C22EE1AA800868BAB /* Assets.xcassets */ = {isa = PBXFileReference; lastKnownFileType = folder.assetcatalog; path = Assets.xcassets; sourceTree = "<group>"; };
		854BAB6F22EE1AA800868BAB /* Base */ = {isa = PBXFileReference; lastKnownFileType = file.storyboard; name = Base; path = Base.lproj/LaunchScreen.storyboard; sourceTree = "<group>"; };
		854BAB7122EE1AA800868BAB /* Info.plist */ = {isa = PBXFileReference; lastKnownFileType = text.plist.xml; path = Info.plist; sourceTree = "<group>"; };
/* End PBXFileReference section */

/* Begin PBXFrameworksBuildPhase section */
		854BAB5D22EE1AA700868BAB /* Frameworks */ = {
			isa = PBXFrameworksBuildPhase;
			buildActionMask = 2147483647;
			files = (
			);
			runOnlyForDeploymentPostprocessing = 0;
		};
/* End PBXFrameworksBuildPhase section */

/* Begin PBXGroup section */
		854BAB5722EE1AA700868BAB = {
			isa = PBXGroup;
			children = (
				854BAB6222EE1AA700868BAB /* DiceeWorld */,
				854BAB6122EE1AA700868BAB /* Products */,
			);
			sourceTree = "<group>";
		};
		854BAB6122EE1AA700868BAB /* Products */ = {
			isa = PBXGroup;
			children = (
				854BAB6022EE1AA700868BAB /* DiceeWorld.app */,
			);
			name = Products;
			sourceTree = "<group>";
		};
		854BAB6222EE1AA700868BAB /* DiceeWorld */ = {
			isa = PBXGroup;
			children = (
				854BAB6322EE1AA700868BAB /* AppDelegate.swift */,
				854BAB6722EE1AA700868BAB /* ViewController.swift */,
				854BAB6922EE1AA700868BAB /* Main.storyboard */,
				854BAB6522EE1AA700868BAB /* art.scnassets */,
				854BAB6C22EE1AA800868BAB /* Assets.xcassets */,
				854BAB6E22EE1AA800868BAB /* LaunchScreen.storyboard */,
				854BAB7122EE1AA800868BAB /* Info.plist */,
			);
			path = DiceeWorld;
			sourceTree = "<group>";
		};
/* End PBXGroup section */

/* Begin PBXNativeTarget section */
		854BAB5F22EE1AA700868BAB /* DiceeWorld */ = {
			isa = PBXNativeTarget;
			buildConfigurationList = 854BAB7422EE1AA800868BAB /* Build configuration list for PBXNativeTarget "DiceeWorld" */;
			buildPhases = (
				854BAB5C22EE1AA700868BAB /* Sources */,
				854BAB5D22EE1AA700868BAB /* Frameworks */,
				854BAB5E22EE1AA700868BAB /* Resources */,
			);
			buildRules = (
			);
			dependencies = (
			);
			name = DiceeWorld;
			productName = DiceeWorld;
			productReference = 854BAB6022EE1AA700868BAB /* DiceeWorld.app */;
			productType = "com.apple.product-type.application";
		};
/* End PBXNativeTarget section */

/* Begin PBXProject section */
		854BAB5822EE1AA700868BAB /* Project object */ = {
			isa = PBXProject;
			attributes = {
				LastSwiftUpdateCheck = 1020;
				LastUpgradeCheck = 1020;
				ORGANIZATIONNAME = "Chaker Saloumi";
				TargetAttributes = {
					854BAB5F22EE1AA700868BAB = {
						CreatedOnToolsVersion = 10.2.1;
					};
				};
			};
			buildConfigurationList = 854BAB5B22EE1AA700868BAB /* Build configuration list for PBXProject "DiceeWorld" */;
			compatibilityVersion = "Xcode 9.3";
			developmentRegion = en;
			hasScannedForEncodings = 0;
			knownRegions = (
				en,
				Base,
			);
			mainGroup = 854BAB5722EE1AA700868BAB;
			productRefGroup = 854BAB6122EE1AA700868BAB /* Products */;
			projectDirPath = "";
			projectRoot = "";
			targets = (
				854BAB5F22EE1AA700868BAB /* DiceeWorld */,
			);
		};
/* End PBXProject section */

/* Begin PBXResourcesBuildPhase section */
		854BAB5E22EE1AA700868BAB /* Resources */ = {
			isa = PBXResourcesBuildPhase;
			buildActionMask = 2147483647;
			files = (
				854BAB6622EE1AA700868BAB /* art.scnassets in Resources */,
				854BAB7022EE1AA800868BAB /* LaunchScreen.storyboard in Resources */,
				854BAB6D22EE1AA800868BAB /* Assets.xcassets in Resources */,
				854BAB6B22EE1AA700868BAB /* Main.storyboard in Resources */,
			);
			runOnlyForDeploymentPostprocessing = 0;
		};
/* End PBXResourcesBuildPhase section */

/* Begin PBXSourcesBuildPhase section */
		854BAB5C22EE1AA700868BAB /* Sources */ = {
			isa = PBXSourcesBuildPhase;
			buildActionMask = 2147483647;
			files = (
				854BAB6822EE1AA700868BAB /* ViewController.swift in Sources */,
				854BAB6422EE1AA700868BAB /* AppDelegate.swift in Sources */,
			);
			runOnlyForDeploymentPostprocessing = 0;
		};
/* End PBXSourcesBuildPhase section */

/* Begin PBXVariantGroup section */
		854BAB6922EE1AA700868BAB /* Main.storyboard */ = {
			isa = PBXVariantGroup;
			children = (
				854BAB6A22EE1AA700868BAB /* Base */,
			);
			name = Main.storyboard;
			sourceTree = "<group>";
		};
		854BAB6E22EE1AA800868BAB /* LaunchScreen.storyboard */ = {
			isa = PBXVariantGroup;
			children = (
				854BAB6F22EE1AA800868BAB /* Base */,
			);
			name = LaunchScreen.storyboard;
			sourceTree = "<group>";
		};
/* End PBXVariantGroup section */

/* Begin XCBuildConfiguration section */
		854BAB7222EE1AA800868BAB /* Debug */ = {
			isa = XCBuildConfiguration;
			buildSettings = {
				ALWAYS_SEARCH_USER_PATHS = NO;
				CLANG_ANALYZER_NONNULL = YES;
				CLANG_ANALYZER_NUMBER_OBJECT_CONVERSION = YES_AGGRESSIVE;
				CLANG_CXX_LANGUAGE_STANDARD = "gnu++14";
				CLANG_CXX_LIBRARY = "libc++";
				CLANG_ENABLE_MODULES = YES;
				CLANG_ENABLE_OBJC_ARC = YES;
				CLANG_ENABLE_OBJC_WEAK = YES;
				CLANG_WARN_BLOCK_CAPTURE_AUTORELEASING = YES;
				CLANG_WARN_BOOL_CONVERSION = YES;
				CLANG_WARN_COMMA = YES;
				CLANG_WARN_CONSTANT_CONVERSION = YES;
				CLANG_WARN_DEPRECATED_OBJC_IMPLEMENTATIONS = YES;
				CLANG_WARN_DIRECT_OBJC_ISA_USAGE = YES_ERROR;
				CLANG_WARN_DOCUMENTATION_COMMENTS = YES;
				CLANG_WARN_EMPTY_BODY = YES;
				CLANG_WARN_ENUM_CONVERSION = YES;
				CLANG_WARN_INFINITE_RECURSION = YES;
				CLANG_WARN_INT_CONVERSION = YES;
				CLANG_WARN_NON_LITERAL_NULL_CONVERSION = YES;
				CLANG_WARN_OBJC_IMPLICIT_RETAIN_SELF = YES;
				CLANG_WARN_OBJC_LITERAL_CONVERSION = YES;
				CLANG_WARN_OBJC_ROOT_CLASS = YES_ERROR;
				CLANG_WARN_RANGE_LOOP_ANALYSIS = YES;
				CLANG_WARN_STRICT_PROTOTYPES = YES;
				CLANG_WARN_SUSPICIOUS_MOVE = YES;
				CLANG_WARN_UNGUARDED_AVAILABILITY = YES_AGGRESSIVE;
				CLANG_WARN_UNREACHABLE_CODE = YES;
				CLANG_WARN__DUPLICATE_METHOD_MATCH = YES;
				CODE_SIGN_IDENTITY = "iPhone Developer";
				COPY_PHASE_STRIP = NO;
				DEBUG_INFORMATION_FORMAT = dwarf;
				ENABLE_STRICT_OBJC_MSGSEND = YES;
				ENABLE_TESTABILITY = YES;
				GCC_C_LANGUAGE_STANDARD = gnu11;
				GCC_DYNAMIC_NO_PIC = NO;
				GCC_NO_COMMON_BLOCKS = YES;
				GCC_OPTIMIZATION_LEVEL = 0;
				GCC_PREPROCESSOR_DEFINITIONS = (
					"DEBUG=1",
					"$(inherited)",
				);
				GCC_WARN_64_TO_32_BIT_CONVERSION = YES;
				GCC_WARN_ABOUT_RETURN_TYPE = YES_ERROR;
				GCC_WARN_UNDECLARED_SELECTOR = YES;
				GCC_WARN_UNINITIALIZED_AUTOS = YES_AGGRESSIVE;
				GCC_WARN_UNUSED_FUNCTION = YES;
				GCC_WARN_UNUSED_VARIABLE = YES;
				IPHONEOS_DEPLOYMENT_TARGET = 12.2;
				MTL_ENABLE_DEBUG_INFO = INCLUDE_SOURCE;
				MTL_FAST_MATH = YES;
				ONLY_ACTIVE_ARCH = YES;
				SDKROOT = iphoneos;
				SWIFT_ACTIVE_COMPILATION_CONDITIONS = DEBUG;
				SWIFT_OPTIMIZATION_LEVEL = "-Onone";
			};
			name = Debug;
		};
		854BAB7322EE1AA800868BAB /* Release */ = {
			isa = XCBuildConfiguration;
			buildSettings = {
				ALWAYS_SEARCH_USER_PATHS = NO;
				CLANG_ANALYZER_NONNULL = YES;
				CLANG_ANALYZER_NUMBER_OBJECT_CONVERSION = YES_AGGRESSIVE;
				CLANG_CXX_LANGUAGE_STANDARD = "gnu++14";
				CLANG_CXX_LIBRARY = "libc++";
				CLANG_ENABLE_MODULES = YES;
				CLANG_ENABLE_OBJC_ARC = YES;
				CLANG_ENABLE_OBJC_WEAK = YES;
				CLANG_WARN_BLOCK_CAPTURE_AUTORELEASING = YES;
				CLANG_WARN_BOOL_CONVERSION = YES;
				CLANG_WARN_COMMA = YES;
				CLANG_WARN_CONSTANT_CONVERSION = YES;
				CLANG_WARN_DEPRECATED_OBJC_IMPLEMENTATIONS = YES;
				CLANG_WARN_DIRECT_OBJC_ISA_USAGE = YES_ERROR;
				CLANG_WARN_DOCUMENTATION_COMMENTS = YES;
				CLANG_WARN_EMPTY_BODY = YES;
				CLANG_WARN_ENUM_CONVERSION = YES;
				CLANG_WARN_INFINITE_RECURSION = YES;
				CLANG_WARN_INT_CONVERSION = YES;
				CLANG_WARN_NON_LITERAL_NULL_CONVERSION = YES;
				CLANG_WARN_OBJC_IMPLICIT_RETAIN_SELF = YES;
				CLANG_WARN_OBJC_LITERAL_CONVERSION = YES;
				CLANG_WARN_OBJC_ROOT_CLASS = YES_ERROR;
				CLANG_WARN_RANGE_LOOP_ANALYSIS = YES;
				CLANG_WARN_STRICT_PROTOTYPES = YES;
				CLANG_WARN_SUSPICIOUS_MOVE = YES;
				CLANG_WARN_UNGUARDED_AVAILABILITY = YES_AGGRESSIVE;
				CLANG_WARN_UNREACHABLE_CODE = YES;
				CLANG_WARN__DUPLICATE_METHOD_MATCH = YES;
				CODE_SIGN_IDENTITY = "iPhone Developer";
				COPY_PHASE_STRIP = NO;
				DEBUG_INFORMATION_FORMAT = "dwarf-with-dsym";
				ENABLE_NS_ASSERTIONS = NO;
				ENABLE_STRICT_OBJC_MSGSEND = YES;
				GCC_C_LANGUAGE_STANDARD = gnu11;
				GCC_NO_COMMON_BLOCKS = YES;
				GCC_WARN_64_TO_32_BIT_CONVERSION = YES;
				GCC_WARN_ABOUT_RETURN_TYPE = YES_ERROR;
				GCC_WARN_UNDECLARED_SELECTOR = YES;
				GCC_WARN_UNINITIALIZED_AUTOS = YES_AGGRESSIVE;
				GCC_WARN_UNUSED_FUNCTION = YES;
				GCC_WARN_UNUSED_VARIABLE = YES;
				IPHONEOS_DEPLOYMENT_TARGET = 12.2;
				MTL_ENABLE_DEBUG_INFO = NO;
				MTL_FAST_MATH = YES;
				SDKROOT = iphoneos;
				SWIFT_COMPILATION_MODE = wholemodule;
				SWIFT_OPTIMIZATION_LEVEL = "-O";
				VALIDATE_PRODUCT = YES;
			};
			name = Release;
		};
		854BAB7522EE1AA800868BAB /* Debug */ = {
			isa = XCBuildConfiguration;
			buildSettings = {
				ASSETCATALOG_COMPILER_APPICON_NAME = AppIcon;
				CODE_SIGN_STYLE = Automatic;
				DEVELOPMENT_TEAM = 4AZ2BHRFBL;
				INFOPLIST_FILE = DiceeWorld/Info.plist;
				LD_RUNPATH_SEARCH_PATHS = (
					"$(inherited)",
					"@executable_path/Frameworks",
				);
				PRODUCT_BUNDLE_IDENTIFIER = com.chakersaloumi.DiceeWorld;
				PRODUCT_NAME = "$(TARGET_NAME)";
				SWIFT_VERSION = 5.0;
				TARGETED_DEVICE_FAMILY = "1,2";
			};
			name = Debug;
		};
		854BAB7622EE1AA800868BAB /* Release */ = {
			isa = XCBuildConfiguration;
			buildSettings = {
				ASSETCATALOG_COMPILER_APPICON_NAME = AppIcon;
				CODE_SIGN_STYLE = Automatic;
				DEVELOPMENT_TEAM = 4AZ2BHRFBL;
				INFOPLIST_FILE = DiceeWorld/Info.plist;
				LD_RUNPATH_SEARCH_PATHS = (
					"$(inherited)",
					"@executable_path/Frameworks",
				);
				PRODUCT_BUNDLE_IDENTIFIER = com.chakersaloumi.DiceeWorld;
				PRODUCT_NAME = "$(TARGET_NAME)";
				SWIFT_VERSION = 5.0;
				TARGETED_DEVICE_FAMILY = "1,2";
			};
			name = Release;
		};
/* End XCBuildConfiguration section */

/* Begin XCConfigurationList section */
		854BAB5B22EE1AA700868BAB /* Build configuration list for PBXProject "DiceeWorld" */ = {
			isa = XCConfigurationList;
			buildConfigurations = (
				854BAB7222EE1AA800868BAB /* Debug */,
				854BAB7322EE1AA800868BAB /* Release */,
			);
			defaultConfigurationIsVisible = 0;
			defaultConfigurationName = Release;
		};
		854BAB7422EE1AA800868BAB /* Build configuration list for PBXNativeTarget "DiceeWorld" */ = {
			isa = XCConfigurationList;
			buildConfigurations = (
				854BAB7522EE1AA800868BAB /* Debug */,
				854BAB7622EE1AA800868BAB /* Release */,
			);
			defaultConfigurationIsVisible = 0;
			defaultConfigurationName = Release;
		};
/* End XCConfigurationList section */
	};
	rootObject = 854BAB5822EE1AA700868BAB /* Project object */;
}
